# This file is autogenerated, do not edit; changes may be undone by the next 'dep ensure'.


[[projects]]
  branch = "master"
  name = "github.com/credentials/safeprime"
  packages = ["."]
  revision = "b04afffdb6d92bdfb4b8b7305129c3e39fcd000e"

[[projects]]
  name = "github.com/go-errors/errors"
  packages = ["."]
  revision = "a6af135bd4e28680facf08a3d206b454abc877a4"
  version = "v1.0.1"

[[projects]]
  branch = "master"
  name = "github.com/mhe/gabi"
  packages = ["."]
  revision = "bf5016a5f3005bef1d2416989588cefcf9a73cb7"

[[projects]]
  name = "github.com/pkg/errors"
  packages = ["."]
  revision = "645ef00459ed84a119197bfb8d8205042c6df63d"
  version = "v0.8.0"

[[projects]]
  branch = "master"
  name = "github.com/privacybydesign/irmago"
  packages = [
    ".",
    "internal/disable_sigpipe",
    "internal/fs"
  ]
  revision = "f884e0227a25d336a4da3514bf2954dce3b866a9"

[[projects]]
  branch = "master"
  name = "github.com/rainycape/dl"
  packages = ["."]
  revision = "1b01514224a1a60a6bcbb0b6b9d3a00ec14ae17f"

[solve-meta]
  analyzer-name = "dep"
  analyzer-version = 1
  inputs-digest = "cdd7b7c1063c79909757b4bd7d1dfc35e835f64fcb61ba04c8be7140be4b615f"
  solver-name = "gps-cdcl"
  solver-version = 1
